
Microsoft Visual Studio Solution File, Format Version 12.00
# Visual Studio 15
VisualStudioVersion = 15.0.28307.106
MinimumVisualStudioVersion = 10.0.40219.1
Project("{FAE04EC0-301F-11D3-BF4B-00C04F79EFBC}") = "CodeSamples", "CodeSamples\CodeSamples.csproj", "{8816D0B8-3188-44A7-BC09-8EA2F5F8E998}"
EndProject
Project("{2150E333-8FDC-42A3-9474-1A3956D46DE8}") = "SolutionItems", "SolutionItems", "{D6AD5ABA-39A5-4DC6-8DB0-678207C40310}"
	ProjectSection(SolutionItems) = preProject
		.gitignore = .gitignore
		..\Intro.md = ..\Intro.md
		..\README.md = ..\README.md
	EndProjectSection
EndProject
Project("{2150E333-8FDC-42A3-9474-1A3956D46DE8}") = "Markdowns", "Markdowns", "{11B4CF5A-A637-43CD-A012-1AD4AAD5FF06}"
	ProjectSection(SolutionItems) = preProject
		CSharp 7.1.md = CSharp 7.1.md
		CSharp 7.2.md = CSharp 7.2.md
		CSharp 7.3.md = CSharp 7.3.md
		CSharp 8.0.md = CSharp 8.0.md
		CSharp Intro.md = CSharp Intro.md
	EndProjectSection
EndProject
Global
	GlobalSection(SolutionConfigurationPlatforms) = preSolution
		Debug|Any CPU = Debug|Any CPU
		Release|Any CPU = Release|Any CPU
	EndGlobalSection
	GlobalSection(ProjectConfigurationPlatforms) = postSolution
		{8816D0B8-3188-44A7-BC09-8EA2F5F8E998}.Debug|Any CPU.ActiveCfg = Debug|Any CPU
		{8816D0B8-3188-44A7-BC09-8EA2F5F8E998}.Debug|Any CPU.Build.0 = Debug|Any CPU
		{8816D0B8-3188-44A7-BC09-8EA2F5F8E998}.Release|Any CPU.ActiveCfg = Release|Any CPU
		{8816D0B8-3188-44A7-BC09-8EA2F5F8E998}.Release|Any CPU.Build.0 = Release|Any CPU
	EndGlobalSection
	GlobalSection(SolutionProperties) = preSolution
		HideSolutionNode = FALSE
	EndGlobalSection
	GlobalSection(ExtensibilityGlobals) = postSolution
		SolutionGuid = {C12A3753-D20D-4715-976B-D4FA1E917CF1}
	EndGlobalSection
EndGlobal
